{
  "name": "nodejs",
  "version": "1.0.0",
  "lockfileVersion": 2,
  "requires": true,
  "packages": {
    "": {
      "name": "nodejs",
      "version": "1.0.0",
      "license": "ISC",
      "dependencies": {
        "project-name-generator": "^2.1.9",
        "superhero": "^2.11.7",
        "supervillains": "^3.0.0"
      }
    },
    "node_modules/@superhero/debug": {
      "version": "1.1.14",
      "resolved": "https://registry.npmjs.org/@superhero/debug/-/debug-1.1.14.tgz",
      "integrity": "sha512-4i1RUzFDA8+QeQOC1MOQdHFESV580eGvRB3DfPGTB2VgL2jC5S3CB2Q+WitnWEfBixRPxzDhUNl6593yqW4/3A==",
      "dependencies": {
        "dateformat": "3.0.2"
      }
    },
    "node_modules/@superhero/request": {
      "version": "2.3.7",
      "resolved": "https://registry.npmjs.org/@superhero/request/-/request-2.3.7.tgz",
      "integrity": "sha512-MJzOOWuwGnx7mRd8/Qm5nYnGoTz3s1pByDHEmFBa5thRcwx7lgCNfr9TDu0UBcT3w6Ur8MBiZr9WA+u0trWSfQ==",
      "dependencies": {
        "@superhero/debug": "1.1.13"
      }
    },
    "node_modules/@superhero/request/node_modules/@superhero/debug": {
      "version": "1.1.13",
      "resolved": "https://registry.npmjs.org/@superhero/debug/-/debug-1.1.13.tgz",
      "integrity": "sha512-CzvbJm1ma56VsEmqVs3WxDSpgFScNH8yEutj3hfqNL+aGNIily9jmpxe4S3tsSr8FKI2pEvg5emmpJsnS2w+SA==",
      "dependencies": {
        "dateformat": "3.0.2"
      }
    },
    "node_modules/commander": {
      "version": "6.2.1",
      "resolved": "https://registry.npmjs.org/commander/-/commander-6.2.1.tgz",
      "integrity": "sha512-U7VdrJFnJgo4xjrHpTzu0yrHPGImdsmD95ZlgYSEajAn2JKzDhDTPG9kBTefmObL2w/ngeZnilk+OV9CG3d7UA==",
      "engines": {
        "node": ">= 6"
      }
    },
    "node_modules/dateformat": {
      "version": "3.0.2",
      "resolved": "https://registry.npmjs.org/dateformat/-/dateformat-3.0.2.tgz",
      "integrity": "sha512-EelsCzH0gMC2YmXuMeaZ3c6md1sUJQxyb1XXc4xaisi/K6qKukqZhKPrEQyRkdNIncgYyLoDTReq0nNyuKerTg==",
      "engines": {
        "node": "*"
      }
    },
    "node_modules/lodash": {
      "version": "4.17.21",
      "resolved": "https://registry.npmjs.org/lodash/-/lodash-4.17.21.tgz",
      "integrity": "sha512-v2kDEe57lecTulaDIuNTPy3Ry4gLGJ6Z1O3vE1krgXZNrsQ+LFTGHVxVjcXPs17LhbZVGedAJv8XZ1tvj5FvSg=="
    },
    "node_modules/project-name-generator": {
      "version": "2.1.9",
      "resolved": "https://registry.npmjs.org/project-name-generator/-/project-name-generator-2.1.9.tgz",
      "integrity": "sha512-QmLHqz2C4VHmAyDEAFlVfnuWAHr4vwZhK2bbm4IrwuHNzNKOdG9b4U+NmQbsm1uOoV4kGWv7+FVLsu7Bb/ieYQ==",
      "dependencies": {
        "commander": "^6.1.0",
        "lodash": "^4.17.20"
      },
      "bin": {
        "project-name-generator": "src/generator-bin.js"
      }
    },
    "node_modules/superhero": {
      "version": "2.11.7",
      "resolved": "https://registry.npmjs.org/superhero/-/superhero-2.11.7.tgz",
      "integrity": "sha512-2JpXlZRVkgUylm8gQ7ESdJRUoga+NyfenYb7N0lx9+tjTlaGJRpjdd0Cumu/8nAWxVTwDkLU3H8CAO9Buqbs9A==",
      "dependencies": {
        "@superhero/debug": "1.1.14",
        "@superhero/request": "2.3.7"
      },
      "bin": {
        "superhero": "bin/superhero.js"
      },
      "engines": {
        "node": ">=10.0.0"
      }
    },
    "node_modules/supervillains": {
      "version": "3.0.0",
      "resolved": "https://registry.npmjs.org/supervillains/-/supervillains-3.0.0.tgz",
      "integrity": "sha512-L3vram05h2SLW8eeHff0JmXA+P0kYI/Be9t5JXLFmV7vJ3tnBC1es5Sg0ym70CgeolowMObR5Jl+xpEv5bSvZg==",
      "dependencies": {
        "unique-random-array": "^2.0.0"
      },
      "engines": {
        "node": ">=8"
      }
    },
    "node_modules/unique-random": {
      "version": "2.1.0",
      "resolved": "https://registry.npmjs.org/unique-random/-/unique-random-2.1.0.tgz",
      "integrity": "sha512-iQ1ZgWac3b8YxGThecQFRQiqgk6xFERRwHZIWeVVsqlbmgCRl0PY13R4mUkodNgctmg5b5odG1nyW/IbOxQTqg==",
      "engines": {
        "node": ">=6"
      }
    },
    "node_modules/unique-random-array": {
      "version": "2.0.0",
      "resolved": "https://registry.npmjs.org/unique-random-array/-/unique-random-array-2.0.0.tgz",
      "integrity": "sha512-xR87O95fZ7hljw84J8r1YDXrvffPLWN513BNOP4Bv0KcgG5dyEUrHwsvP7mVAOKg4Y80uqRbpUk0GKr8il70qg==",
      "dependencies": {
        "unique-random": "^2.1.0"
      },
      "engines": {
        "node": ">=8"
      }
    }
  },
  "dependencies": {
    "@superhero/debug": {
      "version": "1.1.14",
      "resolved": "https://registry.npmjs.org/@superhero/debug/-/debug-1.1.14.tgz",
      "integrity": "sha512-4i1RUzFDA8+QeQOC1MOQdHFESV580eGvRB3DfPGTB2VgL2jC5S3CB2Q+WitnWEfBixRPxzDhUNl6593yqW4/3A==",
      "requires": {
        "dateformat": "3.0.2"
      }
    },
    "@superhero/request": {
      "version": "2.3.7",
      "resolved": "https://registry.npmjs.org/@superhero/request/-/request-2.3.7.tgz",
      "integrity": "sha512-MJzOOWuwGnx7mRd8/Qm5nYnGoTz3s1pByDHEmFBa5thRcwx7lgCNfr9TDu0UBcT3w6Ur8MBiZr9WA+u0trWSfQ==",
      "requires": {
        "@superhero/debug": "1.1.13"
      },
      "dependencies": {
        "@superhero/debug": {
          "version": "1.1.13",
          "resolved": "https://registry.npmjs.org/@superhero/debug/-/debug-1.1.13.tgz",
          "integrity": "sha512-CzvbJm1ma56VsEmqVs3WxDSpgFScNH8yEutj3hfqNL+aGNIily9jmpxe4S3tsSr8FKI2pEvg5emmpJsnS2w+SA==",
          "requires": {
            "dateformat": "3.0.2"
          }
        }
      }
    },
    "commander": {
      "version": "6.2.1",
      "resolved": "https://registry.npmjs.org/commander/-/commander-6.2.1.tgz",
      "integrity": "sha512-U7VdrJFnJgo4xjrHpTzu0yrHPGImdsmD95ZlgYSEajAn2JKzDhDTPG9kBTefmObL2w/ngeZnilk+OV9CG3d7UA=="
    },
    "dateformat": {
      "version": "3.0.2",
      "resolved": "https://registry.npmjs.org/dateformat/-/dateformat-3.0.2.tgz",
      "integrity": "sha512-EelsCzH0gMC2YmXuMeaZ3c6md1sUJQxyb1XXc4xaisi/K6qKukqZhKPrEQyRkdNIncgYyLoDTReq0nNyuKerTg=="
    },
    "lodash": {
      "version": "4.17.21",
      "resolved": "https://registry.npmjs.org/lodash/-/lodash-4.17.21.tgz",
      "integrity": "sha512-v2kDEe57lecTulaDIuNTPy3Ry4gLGJ6Z1O3vE1krgXZNrsQ+LFTGHVxVjcXPs17LhbZVGedAJv8XZ1tvj5FvSg=="
    },
    "project-name-generator": {
      "version": "2.1.9",
      "resolved": "https://registry.npmjs.org/project-name-generator/-/project-name-generator-2.1.9.tgz",
      "integrity": "sha512-QmLHqz2C4VHmAyDEAFlVfnuWAHr4vwZhK2bbm4IrwuHNzNKOdG9b4U+NmQbsm1uOoV4kGWv7+FVLsu7Bb/ieYQ==",
      "requires": {
        "commander": "^6.1.0",
        "lodash": "^4.17.20"
      }
    },
    "superhero": {
      "version": "2.11.7",
      "resolved": "https://registry.npmjs.org/superhero/-/superhero-2.11.7.tgz",
      "integrity": "sha512-2JpXlZRVkgUylm8gQ7ESdJRUoga+NyfenYb7N0lx9+tjTlaGJRpjdd0Cumu/8nAWxVTwDkLU3H8CAO9Buqbs9A==",
      "requires": {
        "@superhero/debug": "1.1.14",
        "@superhero/request": "2.3.7"
      }
    },
    "supervillains": {
      "version": "3.0.0",
      "resolved": "https://registry.npmjs.org/supervillains/-/supervillains-3.0.0.tgz",
      "integrity": "sha512-L3vram05h2SLW8eeHff0JmXA+P0kYI/Be9t5JXLFmV7vJ3tnBC1es5Sg0ym70CgeolowMObR5Jl+xpEv5bSvZg==",
      "requires": {
        "unique-random-array": "^2.0.0"
      }
    },
    "unique-random": {
      "version": "2.1.0",
      "resolved": "https://registry.npmjs.org/unique-random/-/unique-random-2.1.0.tgz",
      "integrity": "sha512-iQ1ZgWac3b8YxGThecQFRQiqgk6xFERRwHZIWeVVsqlbmgCRl0PY13R4mUkodNgctmg5b5odG1nyW/IbOxQTqg=="
    },
    "unique-random-array": {
      "version": "2.0.0",
      "resolved": "https://registry.npmjs.org/unique-random-array/-/unique-random-array-2.0.0.tgz",
      "integrity": "sha512-xR87O95fZ7hljw84J8r1YDXrvffPLWN513BNOP4Bv0KcgG5dyEUrHwsvP7mVAOKg4Y80uqRbpUk0GKr8il70qg==",
      "requires": {
        "unique-random": "^2.1.0"
      }
    }
  }
}
